{
  "name": "uniquid-dev-demo-html-ui",
  "version": "1.0.0",
  "lockfileVersion": 1,
  "requires": true,
  "dependencies": {
    "@types/bootstrap": {
      "version": "4.2.0",
      "resolved": "https://registry.npmjs.org/@types/bootstrap/-/bootstrap-4.2.0.tgz",
      "integrity": "sha512-UEoagFb7PJy2yHlwdK9v9nf4EcAtV6BSS+6W+wIwnCdLN6xsCLeF/LMIUz1db4op3oaYVcN96Uc3RxRbME64Yw==",
      "dev": true,
      "requires": {
        "@types/jquery": "*",
        "popper.js": "^1.14.1"
      }
    },
    "@types/jquery": {
      "version": "3.3.29",
      "resolved": "https://registry.npmjs.org/@types/jquery/-/jquery-3.3.29.tgz",
      "integrity": "sha512-FhJvBninYD36v3k6c+bVk1DSZwh7B5Dpb/Pyk3HKVsiohn0nhbefZZ+3JXbWQhFyt0MxSl2jRDdGQPHeOHFXrQ==",
      "dev": true,
      "requires": {
        "@types/sizzle": "*"
      }
    },
    "@types/node": {
      "version": "10.12.18",
      "resolved": "https://registry.npmjs.org/@types/node/-/node-10.12.18.tgz",
      "integrity": "sha512-fh+pAqt4xRzPfqA6eh3Z2y6fyZavRIumvjhaCL753+TVkGKGhpPeyrJG2JftD0T9q4GF00KjefsQ+PQNDdWQaQ==",
      "dev": true
    },
    "@types/sizzle": {
      "version": "2.3.2",
      "resolved": "https://registry.npmjs.org/@types/sizzle/-/sizzle-2.3.2.tgz",
      "integrity": "sha512-7EJYyKTL7tFR8+gDbB6Wwz/arpGa0Mywk1TJbNzKzHtzbwVmY4HR9WqS5VV7dsBUKQmPNr192jHr/VpBluj/hg==",
      "dev": true
    },
    "@types/socket.io": {
      "version": "2.1.2",
      "resolved": "https://registry.npmjs.org/@types/socket.io/-/socket.io-2.1.2.tgz",
      "integrity": "sha512-Ind+4qMNfQ62llyB4IMs1D8znMEBsMKohZBPqfBUIXqLQ9bdtWIbNTBWwtdcBWJKnokMZGcmWOOKslatni5vtA==",
      "dev": true,
      "requires": {
        "@types/node": "*"
      }
    },
    "popper.js": {
      "version": "1.14.6",
      "resolved": "https://registry.npmjs.org/popper.js/-/popper.js-1.14.6.tgz",
      "integrity": "sha512-AGwHGQBKumlk/MDfrSOf0JHhJCImdDMcGNoqKmKkU+68GFazv3CQ6q9r7Ja1sKDZmYWTckY/uLyEznheTDycnA==",
      "dev": true
    }
  }
}
